<?xml version="1.0" encoding="utf-8"?>
<Project ToolsVersion="4.0" xmlns="http://schemas.microsoft.com/developer/msbuild/2003">
  <ItemGroup>
    <Filter Include="Patator">
      <UniqueIdentifier>{2046A1FC-8C25-2098-953D-AB6E019C86F9}</UniqueIdentifier>
    </Filter>
    <Filter Include="Patator\Events">
      <UniqueIdentifier>{04CE66B1-F09B-5AB7-D92F-CBDDC59C361C}</UniqueIdentifier>
    </Filter>
  </ItemGroup>
  <ItemGroup>
    <ClInclude Include="src\Patator.h" />
    <ClInclude Include="src\Patator\Application.h">
      <Filter>Patator</Filter>
    </ClInclude>
    <ClInclude Include="src\Patator\Core.h">
      <Filter>Patator</Filter>
    </ClInclude>
    <ClInclude Include="src\Patator\EntryPoint.h">
      <Filter>Patator</Filter>
    </ClInclude>
    <ClInclude Include="src\Patator\Events\ApplicationEvent.h">
      <Filter>Patator\Events</Filter>
    </ClInclude>
    <ClInclude Include="src\Patator\Events\Event.h">
      <Filter>Patator\Events</Filter>
    </ClInclude>
    <ClInclude Include="src\Patator\Events\KeyEvent.h">
      <Filter>Patator\Events</Filter>
    </ClInclude>
    <ClInclude Include="src\Patator\Events\MouseEvent.h">
      <Filter>Patator\Events</Filter>
    </ClInclude>
    <ClInclude Include="src\Patator\Layer.h">
      <Filter>Patator</Filter>
    </ClInclude>
    <ClInclude Include="src\Patator\LayerStack.h">
      <Filter>Patator</Filter>
    </ClInclude>
    <ClInclude Include="src\Patator\Log.h">
      <Filter>Patator</Filter>
    </ClInclude>
    <ClInclude Include="src\Patator\Window.h">
      <Filter>Patator</Filter>
    </ClInclude>
    <ClInclude Include="src\patpch.h" />
    <ClInclude Include="src\Patator\ImGui\ImGuiLayer.h" />
    <ClInclude Include="src\Patator\ImGui\OpenGL\imGuiOpenGLRenderer.h" />
    <ClInclude Include="src\Patator\KeyCodes.h" />
    <ClInclude Include="src\Patator\MouseButtonCodes.h" />
    <ClInclude Include="src\Patator\Input.h" />
  </ItemGroup>
  <ItemGroup>
    <ClCompile Include="src\Patator\Application.cpp">
      <Filter>Patator</Filter>
    </ClCompile>
    <ClCompile Include="src\Patator\Layer.cpp">
      <Filter>Patator</Filter>
    </ClCompile>
    <ClCompile Include="src\Patator\LayerStack.cpp">
      <Filter>Patator</Filter>
    </ClCompile>
    <ClCompile Include="src\Patator\Log.cpp">
      <Filter>Patator</Filter>
    </ClCompile>
    <ClCompile Include="src\Patator\Window.cpp">
      <Filter>Patator</Filter>
    </ClCompile>
    <ClCompile Include="src\patpch.cpp" />
    <ClCompile Include="src\Patator\ImGui\ImGuiLayer.cpp" />
    <ClCompile Include="src\Patator\ImGui\OpenGL\imGuiOpenGLRenderer.cpp" />
    <ClCompile Include="src\Patator\Input.cpp" />
  </ItemGroup>
</Project>